
Microsoft Visual Studio Solution File, Format Version 12.00
# Visual Studio 2017
Project("{FAE04EC0-301F-11D3-BF4B-00C04F79EFBC}") = "Laser Defender.Plugins", "Laser Defender.Plugins.csproj", "{058E75C5-5EAE-0191-3CA1-4648E0F8F0E9}"
EndProject
Project("{FAE04EC0-301F-11D3-BF4B-00C04F79EFBC}") = "Laser Defender", "Laser Defender.csproj", "{4F85F2C7-AF40-486F-39AA-24C69A1CAA5C}"
EndProject
Project("{FAE04EC0-301F-11D3-BF4B-00C04F79EFBC}") = "Laser Defender.Editor.Plugins", "Laser Defender.Editor.Plugins.csproj", "{B1F386DD-15B4-0482-09AC-D6B62F9F2C5D}"
EndProject
Project("{FAE04EC0-301F-11D3-BF4B-00C04F79EFBC}") = "Laser Defender.Editor", "Laser Defender.Editor.csproj", "{C5A76C7A-8FAF-57FD-AA01-4CB1AAD7562F}"
EndProject
Global
	GlobalSection(SolutionConfigurationPlatforms) = preSolution
		Debug|Any CPU = Debug|Any CPU
		Release|Any CPU = Release|Any CPU
	EndGlobalSection
	GlobalSection(ProjectConfigurationPlatforms) = postSolution
		{058E75C5-5EAE-0191-3CA1-4648E0F8F0E9}.Debug|Any CPU.ActiveCfg = Debug|Any CPU
		{058E75C5-5EAE-0191-3CA1-4648E0F8F0E9}.Debug|Any CPU.Build.0 = Debug|Any CPU
		{058E75C5-5EAE-0191-3CA1-4648E0F8F0E9}.Release|Any CPU.ActiveCfg = Release|Any CPU
		{058E75C5-5EAE-0191-3CA1-4648E0F8F0E9}.Release|Any CPU.Build.0 = Release|Any CPU
		{4F85F2C7-AF40-486F-39AA-24C69A1CAA5C}.Debug|Any CPU.ActiveCfg = Debug|Any CPU
		{4F85F2C7-AF40-486F-39AA-24C69A1CAA5C}.Debug|Any CPU.Build.0 = Debug|Any CPU
		{4F85F2C7-AF40-486F-39AA-24C69A1CAA5C}.Release|Any CPU.ActiveCfg = Release|Any CPU
		{4F85F2C7-AF40-486F-39AA-24C69A1CAA5C}.Release|Any CPU.Build.0 = Release|Any CPU
		{B1F386DD-15B4-0482-09AC-D6B62F9F2C5D}.Debug|Any CPU.ActiveCfg = Debug|Any CPU
		{B1F386DD-15B4-0482-09AC-D6B62F9F2C5D}.Debug|Any CPU.Build.0 = Debug|Any CPU
		{B1F386DD-15B4-0482-09AC-D6B62F9F2C5D}.Release|Any CPU.ActiveCfg = Release|Any CPU
		{B1F386DD-15B4-0482-09AC-D6B62F9F2C5D}.Release|Any CPU.Build.0 = Release|Any CPU
		{C5A76C7A-8FAF-57FD-AA01-4CB1AAD7562F}.Debug|Any CPU.ActiveCfg = Debug|Any CPU
		{C5A76C7A-8FAF-57FD-AA01-4CB1AAD7562F}.Debug|Any CPU.Build.0 = Debug|Any CPU
		{C5A76C7A-8FAF-57FD-AA01-4CB1AAD7562F}.Release|Any CPU.ActiveCfg = Release|Any CPU
		{C5A76C7A-8FAF-57FD-AA01-4CB1AAD7562F}.Release|Any CPU.Build.0 = Release|Any CPU
	EndGlobalSection
	GlobalSection(SolutionProperties) = preSolution
		HideSolutionNode = FALSE
	EndGlobalSection
EndGlobal
